
Microsoft Visual Studio Solution File, Format Version 12.00
# Visual Studio Version 16
VisualStudioVersion = 16.0.30114.105
MinimumVisualStudioVersion = 10.0.40219.1
Project("{FAE04EC0-301F-11D3-BF4B-00C04F79EFBC}") = "API", "API\API.csproj", "{335601E6-6634-4BE7-964D-238D66E0925B}"
EndProject
Project("{FAE04EC0-301F-11D3-BF4B-00C04F79EFBC}") = "Application", "Application\Application.csproj", "{B3E2D53D-A524-4E44-8BF1-D593A3167F90}"
EndProject
Project("{FAE04EC0-301F-11D3-BF4B-00C04F79EFBC}") = "Persistence", "Persistence\Persistence.csproj", "{560FE557-78BC-47DC-A687-D436998E241F}"
EndProject
Project("{FAE04EC0-301F-11D3-BF4B-00C04F79EFBC}") = "Domain", "Domain\Domain.csproj", "{5EA54B9F-1EED-458A-8FFB-696FBB196F0E}"
EndProject
Global
	GlobalSection(SolutionConfigurationPlatforms) = preSolution
		Debug|Any CPU = Debug|Any CPU
		Release|Any CPU = Release|Any CPU
	EndGlobalSection
	GlobalSection(SolutionProperties) = preSolution
		HideSolutionNode = FALSE
	EndGlobalSection
	GlobalSection(ProjectConfigurationPlatforms) = postSolution
		{335601E6-6634-4BE7-964D-238D66E0925B}.Debug|Any CPU.ActiveCfg = Debug|Any CPU
		{335601E6-6634-4BE7-964D-238D66E0925B}.Debug|Any CPU.Build.0 = Debug|Any CPU
		{335601E6-6634-4BE7-964D-238D66E0925B}.Release|Any CPU.ActiveCfg = Release|Any CPU
		{335601E6-6634-4BE7-964D-238D66E0925B}.Release|Any CPU.Build.0 = Release|Any CPU
		{B3E2D53D-A524-4E44-8BF1-D593A3167F90}.Debug|Any CPU.ActiveCfg = Debug|Any CPU
		{B3E2D53D-A524-4E44-8BF1-D593A3167F90}.Debug|Any CPU.Build.0 = Debug|Any CPU
		{B3E2D53D-A524-4E44-8BF1-D593A3167F90}.Release|Any CPU.ActiveCfg = Release|Any CPU
		{B3E2D53D-A524-4E44-8BF1-D593A3167F90}.Release|Any CPU.Build.0 = Release|Any CPU
		{560FE557-78BC-47DC-A687-D436998E241F}.Debug|Any CPU.ActiveCfg = Debug|Any CPU
		{560FE557-78BC-47DC-A687-D436998E241F}.Debug|Any CPU.Build.0 = Debug|Any CPU
		{560FE557-78BC-47DC-A687-D436998E241F}.Release|Any CPU.ActiveCfg = Release|Any CPU
		{560FE557-78BC-47DC-A687-D436998E241F}.Release|Any CPU.Build.0 = Release|Any CPU
		{5EA54B9F-1EED-458A-8FFB-696FBB196F0E}.Debug|Any CPU.ActiveCfg = Debug|Any CPU
		{5EA54B9F-1EED-458A-8FFB-696FBB196F0E}.Debug|Any CPU.Build.0 = Debug|Any CPU
		{5EA54B9F-1EED-458A-8FFB-696FBB196F0E}.Release|Any CPU.ActiveCfg = Release|Any CPU
		{5EA54B9F-1EED-458A-8FFB-696FBB196F0E}.Release|Any CPU.Build.0 = Release|Any CPU
	EndGlobalSection
EndGlobal
